version = 1
revision = 3
requires-python = ">=3.13"

[[package]]
name = "aiocsv"
version = "1.4.0"
source = { registry = "https://pypi.org/simple" }
dependencies = [
    { name = "typing-extensions" },
]
sdist = { url = "https://files.pythonhosted.org/packages/e7/4c/07c7baeb5bf3e9c4f64d4d31430d41fc00c301fa0f43644f64b09127b7f7/aiocsv-1.4.0.tar.gz", hash = "sha256:f3877e5ef493616a1e0c1365744bbff89184b6f84e9a70859fe319d92060079a", size = 25872, upload-time = "2025-09-22T12:04:26.024Z" }
wheels = [
    { url = "https://files.pythonhosted.org/packages/27/51/e9df3b9fb7364ecf9712cd84b943065fc9451003b406729659b745cbd8b3/aiocsv-1.4.0-cp313-cp313-macosx_10_13_x86_64.whl", hash = "sha256:0fca59ed869218a403496a05f0d4bf99affc4d8191ed930f34df1c5c8240d0e8", size = 27303, upload-time = "2025-09-22T12:12:42.198Z" },
    { url = "https://files.pythonhosted.org/packages/39/9b/eedb39689095cae98b4725cefc33166a8dce8b4c055770706c53dbaebae4/aiocsv-1.4.0-cp313-cp313-macosx_11_0_arm64.whl", hash = "sha256:d14f5fc7e84f5e3e142eb8a9ec57442688532d5f891a5dd86a517e4ccd768907", size = 27718, upload-time = "2025-09-22T12:12:42.941Z" },
    { url = "https://files.pythonhosted.org/packages/06/5e/c316e8647850ba430a7a66e9fb79a02f96537f2a6606455ce08ba7c12673/aiocsv-1.4.0-cp313-cp313-manylinux1_x86_64.manylinux_2_28_x86_64.manylinux_2_5_x86_64.whl", hash = "sha256:6eeed4d5b9fb2d78666ad0b84ef85609ff3da237bff1d39e8c8c9c8e68ee06f9", size = 51307, upload-time = "2025-09-22T12:12:43.633Z" },
    { url = "https://files.pythonhosted.org/packages/89/29/740b7bb0945b56e75157440a720b575083175195793abe92a29513fdb155/aiocsv-1.4.0-cp313-cp313-manylinux2014_aarch64.manylinux_2_17_aarch64.manylinux_2_28_aarch64.whl", hash = "sha256:ccf1cb4280476c167aa5f83569f8640e22deff29bd0575076e5f8ebddd5bfc53", size = 51818, upload-time = "2025-09-22T12:12:44.393Z" },
    { url = "https://files.pythonhosted.org/packages/21/73/21abf05c852f1d46dc25673549be2b18ee464c14f52e4a928fc66c92e57b/aiocsv-1.4.0-cp313-cp313-musllinux_1_2_aarch64.whl", hash = "sha256:66b5e7ae6388e0cf8928f73a414ae770615c84a47f1c3d959b400fbcb1ff25d6", size = 50819, upload-time = "2025-09-22T12:12:45.525Z" },
    { url = "https://files.pythonhosted.org/packages/85/fc/33229fdd5edcc3cab81084c43093c971f2090a8b68640b4a7a490aef0f19/aiocsv-1.4.0-cp313-cp313-musllinux_1_2_x86_64.whl", hash = "sha256:7dc66116ca2856c50f3b00d7577a67b8ab623335b2f397144e7bc4a812c58485", size = 51047, upload-time = "2025-09-22T12:12:46.641Z" },
    { url = "https://files.pythonhosted.org/packages/6d/c9/6f06c70b95154fe14461831416a035c852775b2e163750f56cd5cae0c33d/aiocsv-1.4.0-cp313-cp313-win32.whl", hash = "sha256:e868eecaae6739658541f4418b095bc94e6f62584f3e2d80777c1335e738e463", size = 29118, upload-time = "2025-09-22T12:12:47.741Z" },
    { url = "https://files.pythonhosted.org/packages/f0/9f/71b4ea5bc1adb89250a534703752b1c4009c9f9a749cf4bcd00941c41af3/aiocsv-1.4.0-cp313-cp313-win_amd64.whl", hash = "sha256:a5c20240f59a8a6faa288a56f99b196b1754bc1c8d52233e59c6a6df03c47f86", size = 29915, upload-time = "2025-09-22T12:12:48.808Z" },
    { url = "https://files.pythonhosted.org/packages/25/fc/0bd4bf6d3a60800afd6dbbdbfd972e8b8d92e95458491a8dff79c8b0b15a/aiocsv-1.4.0-cp314-cp314-macosx_10_13_x86_64.whl", hash = "sha256:03a91aa96c3341277956b95248e818628d36f7218cebcba36262a1bc014a183d", size = 27248, upload-time = "2025-09-22T12:12:49.562Z" },
    { url = "https://files.pythonhosted.org/packages/e2/fc/93bd48f3c390bdbe973e5ec497ce81b32046208fdeb6c54632f85074c3fc/aiocsv-1.4.0-cp314-cp314-macosx_11_0_arm64.whl", hash = "sha256:b2b95faa180a8e7563a44545a9fb7a0ab535f827729183a7d595c69337f604a5", size = 27722, upload-time = "2025-09-22T12:12:50.26Z" },
    { url = "https://files.pythonhosted.org/packages/ee/4b/0b298d72ca1dc0126a447f0ffb9c5be55ba9c0dd6f9604376aa140a1fce6/aiocsv-1.4.0-cp314-cp314-manylinux1_x86_64.manylinux_2_28_x86_64.manylinux_2_5_x86_64.whl", hash = "sha256:e4ee48ddf88e63a27caf6f3a797cc2107113a6cd4a2579a90a0ce7066ecf29fd", size = 51328, upload-time = "2025-09-22T12:12:51.004Z" },
    { url = "https://files.pythonhosted.org/packages/71/82/b3b461e929cdd8dd92637c683f81ea885234aecd8c9d1058c79b07a2959f/aiocsv-1.4.0-cp314-cp314-manylinux2014_aarch64.manylinux_2_17_aarch64.manylinux_2_28_aarch64.whl", hash = "sha256:fe2462c5da8387fe594d2905cab096abf2982c6d44c1eb1ee03ccca183ea5338", size = 51862, upload-time = "2025-09-22T12:12:51.755Z" },
    { url = "https://files.pythonhosted.org/packages/c6/4d/c40e1b2f509cc1ea763edc7f6e8fb77d55a75b03b7107bb39848177e2ac6/aiocsv-1.4.0-cp314-cp314-musllinux_1_2_aarch64.whl", hash = "sha256:c3147be681208231d53367794cbcde557c461ec2cc6e240f68ce637176bcf172", size = 50854, upload-time = "2025-09-22T12:12:52.494Z" },
    { url = "https://files.pythonhosted.org/packages/de/aa/4289e51a3ade85feffd90cd8f343bf622c89d30327e02fe8cea5d0cca842/aiocsv-1.4.0-cp314-cp314-musllinux_1_2_x86_64.whl", hash = "sha256:ce1cca5da676c55ddda624a4afcb1db9874897cac0d029e680cf114779daef19", size = 51022, upload-time = "2025-09-22T12:12:53.236Z" },
    { url = "https://files.pythonhosted.org/packages/77/65/660f7683716c790034ea04e90eafb0e6ce8419a58e8b991b66a9825e8a2c/aiocsv-1.4.0-cp314-cp314-win32.whl", hash = "sha256:c926ac5dd442bd390a2fbae20c5207aabf275374de15359f37bcddaa60bfaedc", size = 29421, upload-time = "2025-09-22T12:12:53.977Z" },
    { url = "https://files.pythonhosted.org/packages/79/ae/9054d92876a35e8a48fcd7164dd75577410b8080d25790b3bf47766674be/aiocsv-1.4.0-cp314-cp314-win_amd64.whl", hash = "sha256:e7a703643191b742d67d4e047dcc4b2314d2914f03879732a81139c62784f278", size = 30247, upload-time = "2025-09-22T12:12:54.74Z" },
    { url = "https://files.pythonhosted.org/packages/2c/58/67a8de91e8b2f08dbdadfb8fd9b1bf84530780c6f94db548b925993d37d1/aiocsv-1.4.0-cp314-cp314t-macosx_10_13_x86_64.whl", hash = "sha256:b78c992cf58ca1808182490b928261a11028d6b0cf6940a641ddd74ba8acccf2", size = 27773, upload-time = "2025-09-22T12:12:55.501Z" },
    { url = "https://files.pythonhosted.org/packages/c6/0a/4d6cc89dcc3812525e63ccd1451e047de20328c7db58b05b3e3f36b3cab5/aiocsv-1.4.0-cp314-cp314t-macosx_11_0_arm64.whl", hash = "sha256:4199dc97fbfcc6757c7de3e300f1c9de3736adf7700b009bd8795c6e708f855f", size = 28184, upload-time = "2025-09-22T12:12:56.542Z" },
    { url = "https://files.pythonhosted.org/packages/3d/aa/f5467a1352f1d92391078724da333361481e9cfb400338d27e17665d03d8/aiocsv-1.4.0-cp314-cp314t-manylinux1_x86_64.manylinux_2_28_x86_64.manylinux_2_5_x86_64.whl", hash = "sha256:84c7cf52ec30b7a78beec457c234defb837c970b4fbbcac113ddc769e533891c", size = 57063, upload-time = "2025-09-22T12:12:57.234Z" },
    { url = "https://files.pythonhosted.org/packages/b4/2b/338acbc82536d79630614eda16b5605cea7287c2af49fcf172cdadb1d645/aiocsv-1.4.0-cp314-cp314t-manylinux2014_aarch64.manylinux_2_17_aarch64.manylinux_2_28_aarch64.whl", hash = "sha256:c9b3075b482c7f419262b994f25827da5d917fb974b725d75f84b885eb634832", size = 58453, upload-time = "2025-09-22T12:12:57.981Z" },
    { url = "https://files.pythonhosted.org/packages/0c/91/6c3b1907f7bf1faac67c4de07b336ce4e4be35e904431afa909b7f66701d/aiocsv-1.4.0-cp314-cp314t-musllinux_1_2_aarch64.whl", hash = "sha256:71756714498cae7775bd2f58b44d66d20d59be99b3c6231ba880282fe0bf0524", size = 56605, upload-time = "2025-09-22T12:12:58.749Z" },
    { url = "https://files.pythonhosted.org/packages/9c/f0/1cf5a1a51157238e44e3ffa314d3b7d71e990adc9c94363bd63e833026b9/aiocsv-1.4.0-cp314-cp314t-musllinux_1_2_x86_64.whl", hash = "sha256:5c72822d9e405bef16a6c9aa06940c8671fc76bea67d13dad8d5766c5d2033dd", size = 56174, upload-time = "2025-09-22T12:12:59.52Z" },
    { url = "https://files.pythonhosted.org/packages/65/7f/e3bff58fcb1636ae49822c56c460463e11965837662ee9d1f092d51ba230/aiocsv-1.4.0-cp314-cp314t-win32.whl", hash = "sha256:036433ef0e512921c265d5ace346748a60d8bfdd0b09bac558b8682f654f5018", size = 30000, upload-time = "2025-09-22T12:13:00.301Z" },
    { url = "https://files.pythonhosted.org/packages/dd/b7/cc8ae7c1d3fe815078368d03f73019ae92c55b5f20614fa4e5e469dc8d8a/aiocsv-1.4.0-cp314-cp314t-win_amd64.whl", hash = "sha256:e5f655da021fb32303f676f22c643d7348788619120e864e22de92c9421c7eaa", size = 30938, upload-time = "2025-09-22T12:13:01.027Z" },
]

[[package]]
name = "aiofiles"
version = "24.1.0"
source = { registry = "https://pypi.org/simple" }
sdist = { url = "https://files.pythonhosted.org/packages/0b/03/a88171e277e8caa88a4c77808c20ebb04ba74cc4681bf1e9416c862de237/aiofiles-24.1.0.tar.gz", hash = "sha256:22a075c9e5a3810f0c2e48f3008c94d68c65d763b9b03857924c99e57355166c", size = 30247, upload-time = "2024-06-24T11:02:03.584Z" }
wheels = [
    { url = "https://files.pythonhosted.org/packages/a5/45/30bb92d442636f570cb5651bc661f52b610e2eec3f891a5dc3a4c3667db0/aiofiles-24.1.0-py3-none-any.whl", hash = "sha256:b4ec55f4195e3eb5d7abd1bf7e061763e864dd4954231fb8539a0ef8bb8260e5", size = 15896, upload-time = "2024-06-24T11:02:01.529Z" },
]

[[package]]
name = "asyncpg"
version = "0.30.0"
source = { registry = "https://pypi.org/simple" }
sdist = { url = "https://files.pythonhosted.org/packages/2f/4c/7c991e080e106d854809030d8584e15b2e996e26f16aee6d757e387bc17d/asyncpg-0.30.0.tar.gz", hash = "sha256:c551e9928ab6707602f44811817f82ba3c446e018bfe1d3abecc8ba5f3eac851", size = 957746, upload-time = "2024-10-20T00:30:41.127Z" }
wheels = [
    { url = "https://files.pythonhosted.org/packages/3a/22/e20602e1218dc07692acf70d5b902be820168d6282e69ef0d3cb920dc36f/asyncpg-0.30.0-cp313-cp313-macosx_10_13_x86_64.whl", hash = "sha256:05b185ebb8083c8568ea8a40e896d5f7af4b8554b64d7719c0eaa1eb5a5c3a70", size = 670373, upload-time = "2024-10-20T00:29:55.165Z" },
    { url = "https://files.pythonhosted.org/packages/3d/b3/0cf269a9d647852a95c06eb00b815d0b95a4eb4b55aa2d6ba680971733b9/asyncpg-0.30.0-cp313-cp313-macosx_11_0_arm64.whl", hash = "sha256:c47806b1a8cbb0a0db896f4cd34d89942effe353a5035c62734ab13b9f938da3", size = 634745, upload-time = "2024-10-20T00:29:57.14Z" },
    { url = "https://files.pythonhosted.org/packages/8e/6d/a4f31bf358ce8491d2a31bfe0d7bcf25269e80481e49de4d8616c4295a34/asyncpg-0.30.0-cp313-cp313-manylinux_2_17_aarch64.manylinux2014_aarch64.whl", hash = "sha256:9b6fde867a74e8c76c71e2f64f80c64c0f3163e687f1763cfaf21633ec24ec33", size = 3512103, upload-time = "2024-10-20T00:29:58.499Z" },
    { url = "https://files.pythonhosted.org/packages/96/19/139227a6e67f407b9c386cb594d9628c6c78c9024f26df87c912fabd4368/asyncpg-0.30.0-cp313-cp313-manylinux_2_17_x86_64.manylinux2014_x86_64.whl", hash = "sha256:46973045b567972128a27d40001124fbc821c87a6cade040cfcd4fa8a30bcdc4", size = 3592471, upload-time = "2024-10-20T00:30:00.354Z" },
    { url = "https://files.pythonhosted.org/packages/67/e4/ab3ca38f628f53f0fd28d3ff20edff1c975dd1cb22482e0061916b4b9a74/asyncpg-0.30.0-cp313-cp313-musllinux_1_2_aarch64.whl", hash = "sha256:9110df111cabc2ed81aad2f35394a00cadf4f2e0635603db6ebbd0fc896f46a4", size = 3496253, upload-time = "2024-10-20T00:30:02.794Z" },
    { url = "https://files.pythonhosted.org/packages/ef/5f/0bf65511d4eeac3a1f41c54034a492515a707c6edbc642174ae79034d3ba/asyncpg-0.30.0-cp313-cp313-musllinux_1_2_x86_64.whl", hash = "sha256:04ff0785ae7eed6cc138e73fc67b8e51d54ee7a3ce9b63666ce55a0bf095f7ba", size = 3662720, upload-time = "2024-10-20T00:30:04.501Z" },
    { url = "https://files.pythonhosted.org/packages/e7/31/1513d5a6412b98052c3ed9158d783b1e09d0910f51fbe0e05f56cc370bc4/asyncpg-0.30.0-cp313-cp313-win32.whl", hash = "sha256:ae374585f51c2b444510cdf3595b97ece4f233fde739aa14b50e0d64e8a7a590", size = 560404, upload-time = "2024-10-20T00:30:06.537Z" },
    { url = "https://files.pythonhosted.org/packages/c8/a4/cec76b3389c4c5ff66301cd100fe88c318563ec8a520e0b2e792b5b84972/asyncpg-0.30.0-cp313-cp313-win_amd64.whl", hash = "sha256:f59b430b8e27557c3fb9869222559f7417ced18688375825f8f12302c34e915e", size = 621623, upload-time = "2024-10-20T00:30:09.024Z" },
]

[[package]]
name = "colorama"
version = "0.4.6"
source = { registry = "https://pypi.org/simple" }
sdist = { url = "https://files.pythonhosted.org/packages/d8/53/6f443c9a4a8358a93a6792e2acffb9d9d5cb0a5cfd8802644b7b1c9a02e4/colorama-0.4.6.tar.gz", hash = "sha256:08695f5cb7ed6e0531a20572697297273c47b8cae5a63ffc6d6ed5c201be6e44", size = 27697, upload-time = "2022-10-25T02:36:22.414Z" }
wheels = [
    { url = "https://files.pythonhosted.org/packages/d1/d6/3965ed04c63042e047cb6a3e6ed1a63a35087b6a609aa3a15ed8ac56c221/colorama-0.4.6-py2.py3-none-any.whl", hash = "sha256:4f1d9991f5acc0ca119f9d443620b77f9d6b33703e51011c16baf57afb285fc6", size = 25335, upload-time = "2022-10-25T02:36:20.889Z" },
]

[[package]]
name = "debugpy"
version = "1.8.17"
source = { registry = "https://pypi.org/simple" }
sdist = { url = "https://files.pythonhosted.org/packages/15/ad/71e708ff4ca377c4230530d6a7aa7992592648c122a2cd2b321cf8b35a76/debugpy-1.8.17.tar.gz", hash = "sha256:fd723b47a8c08892b1a16b2c6239a8b96637c62a59b94bb5dab4bac592a58a8e", size = 1644129, upload-time = "2025-09-17T16:33:20.633Z" }
wheels = [
    { url = "https://files.pythonhosted.org/packages/50/76/597e5cb97d026274ba297af8d89138dfd9e695767ba0e0895edb20963f40/debugpy-1.8.17-cp313-cp313-macosx_15_0_universal2.whl", hash = "sha256:857c1dd5d70042502aef1c6d1c2801211f3ea7e56f75e9c335f434afb403e464", size = 2538386, upload-time = "2025-09-17T16:33:54.594Z" },
    { url = "https://files.pythonhosted.org/packages/5f/60/ce5c34fcdfec493701f9d1532dba95b21b2f6394147234dce21160bd923f/debugpy-1.8.17-cp313-cp313-manylinux_2_34_x86_64.whl", hash = "sha256:3bea3b0b12f3946e098cce9b43c3c46e317b567f79570c3f43f0b96d00788088", size = 4292100, upload-time = "2025-09-17T16:33:56.353Z" },
    { url = "https://files.pythonhosted.org/packages/e8/95/7873cf2146577ef71d2a20bf553f12df865922a6f87b9e8ee1df04f01785/debugpy-1.8.17-cp313-cp313-win32.whl", hash = "sha256:e34ee844c2f17b18556b5bbe59e1e2ff4e86a00282d2a46edab73fd7f18f4a83", size = 5277002, upload-time = "2025-09-17T16:33:58.231Z" },
    { url = "https://files.pythonhosted.org/packages/46/11/18c79a1cee5ff539a94ec4aa290c1c069a5580fd5cfd2fb2e282f8e905da/debugpy-1.8.17-cp313-cp313-win_amd64.whl", hash = "sha256:6c5cd6f009ad4fca8e33e5238210dc1e5f42db07d4b6ab21ac7ffa904a196420", size = 5319047, upload-time = "2025-09-17T16:34:00.586Z" },
    { url = "https://files.pythonhosted.org/packages/de/45/115d55b2a9da6de812696064ceb505c31e952c5d89c4ed1d9bb983deec34/debugpy-1.8.17-cp314-cp314-macosx_15_0_universal2.whl", hash = "sha256:045290c010bcd2d82bc97aa2daf6837443cd52f6328592698809b4549babcee1", size = 2536899, upload-time = "2025-09-17T16:34:02.657Z" },
    { url = "https://files.pythonhosted.org/packages/5a/73/2aa00c7f1f06e997ef57dc9b23d61a92120bec1437a012afb6d176585197/debugpy-1.8.17-cp314-cp314-manylinux_2_34_x86_64.whl", hash = "sha256:b69b6bd9dba6a03632534cdf67c760625760a215ae289f7489a452af1031fe1f", size = 4268254, upload-time = "2025-09-17T16:34:04.486Z" },
    { url = "https://files.pythonhosted.org/packages/86/b5/ed3e65c63c68a6634e3ba04bd10255c8e46ec16ebed7d1c79e4816d8a760/debugpy-1.8.17-cp314-cp314-win32.whl", hash = "sha256:5c59b74aa5630f3a5194467100c3b3d1c77898f9ab27e3f7dc5d40fc2f122670", size = 5277203, upload-time = "2025-09-17T16:34:06.65Z" },
    { url = "https://files.pythonhosted.org/packages/b0/26/394276b71c7538445f29e792f589ab7379ae70fd26ff5577dfde71158e96/debugpy-1.8.17-cp314-cp314-win_amd64.whl", hash = "sha256:893cba7bb0f55161de4365584b025f7064e1f88913551bcd23be3260b231429c", size = 5318493, upload-time = "2025-09-17T16:34:08.483Z" },
    { url = "https://files.pythonhosted.org/packages/b0/d0/89247ec250369fc76db477720a26b2fce7ba079ff1380e4ab4529d2fe233/debugpy-1.8.17-py2.py3-none-any.whl", hash = "sha256:60c7dca6571efe660ccb7a9508d73ca14b8796c4ed484c2002abba714226cfef", size = 5283210, upload-time = "2025-09-17T16:34:25.835Z" },
]

[[package]]
name = "ecom-debezium"
version = "0.1.0"
source = { virtual = "." }
dependencies = [
    { name = "aiocsv" },
    { name = "aiofiles" },
    { name = "asyncpg" },
    { name = "debugpy" },
    { name = "faker" },
    { name = "pytest" },
]

[package.metadata]
requires-dist = [
    { name = "aiocsv", specifier = ">=1.4.0" },
    { name = "aiofiles", specifier = ">=24.1.0" },
    { name = "asyncpg", specifier = ">=0.30.0" },
    { name = "debugpy", specifier = ">=1.8.17" },
    { name = "faker", specifier = ">=37.6.0" },
    { name = "pytest", specifier = ">=8.4.2" },
]

[[package]]
name = "faker"
version = "37.6.0"
source = { registry = "https://pypi.org/simple" }
dependencies = [
    { name = "tzdata" },
]
sdist = { url = "https://files.pythonhosted.org/packages/24/cd/f7679c20f07d9e2013123b7f7e13809a3450a18d938d58e86081a486ea15/faker-37.6.0.tar.gz", hash = "sha256:0f8cc34f30095184adf87c3c24c45b38b33ad81c35ef6eb0a3118f301143012c", size = 1907960, upload-time = "2025-08-26T15:56:27.419Z" }
wheels = [
    { url = "https://files.pythonhosted.org/packages/61/7d/8b50e4ac772719777be33661f4bde320793400a706f5eb214e4de46f093c/faker-37.6.0-py3-none-any.whl", hash = "sha256:3c5209b23d7049d596a51db5d76403a0ccfea6fc294ffa2ecfef6a8843b1e6a7", size = 1949837, upload-time = "2025-08-26T15:56:25.33Z" },
]

[[package]]
name = "iniconfig"
version = "2.1.0"
source = { registry = "https://pypi.org/simple" }
sdist = { url = "https://files.pythonhosted.org/packages/f2/97/ebf4da567aa6827c909642694d71c9fcf53e5b504f2d96afea02718862f3/iniconfig-2.1.0.tar.gz", hash = "sha256:3abbd2e30b36733fee78f9c7f7308f2d0050e88f0087fd25c2645f63c773e1c7", size = 4793, upload-time = "2025-03-19T20:09:59.721Z" }
wheels = [
    { url = "https://files.pythonhosted.org/packages/2c/e1/e6716421ea10d38022b952c159d5161ca1193197fb744506875fbb87ea7b/iniconfig-2.1.0-py3-none-any.whl", hash = "sha256:9deba5723312380e77435581c6bf4935c94cbfab9b1ed33ef8d238ea168eb760", size = 6050, upload-time = "2025-03-19T20:10:01.071Z" },
]

[[package]]
name = "packaging"
version = "25.0"
source = { registry = "https://pypi.org/simple" }
sdist = { url = "https://files.pythonhosted.org/packages/a1/d4/1fc4078c65507b51b96ca8f8c3ba19e6a61c8253c72794544580a7b6c24d/packaging-25.0.tar.gz", hash = "sha256:d443872c98d677bf60f6a1f2f8c1cb748e8fe762d2bf9d3148b5599295b0fc4f", size = 165727, upload-time = "2025-04-19T11:48:59.673Z" }
wheels = [
    { url = "https://files.pythonhosted.org/packages/20/12/38679034af332785aac8774540895e234f4d07f7545804097de4b666afd8/packaging-25.0-py3-none-any.whl", hash = "sha256:29572ef2b1f17581046b3a2227d5c611fb25ec70ca1ba8554b24b0e69331a484", size = 66469, upload-time = "2025-04-19T11:48:57.875Z" },
]

[[package]]
name = "pluggy"
version = "1.6.0"
source = { registry = "https://pypi.org/simple" }
sdist = { url = "https://files.pythonhosted.org/packages/f9/e2/3e91f31a7d2b083fe6ef3fa267035b518369d9511ffab804f839851d2779/pluggy-1.6.0.tar.gz", hash = "sha256:7dcc130b76258d33b90f61b658791dede3486c3e6bfb003ee5c9bfb396dd22f3", size = 69412, upload-time = "2025-05-15T12:30:07.975Z" }
wheels = [
    { url = "https://files.pythonhosted.org/packages/54/20/4d324d65cc6d9205fabedc306948156824eb9f0ee1633355a8f7ec5c66bf/pluggy-1.6.0-py3-none-any.whl", hash = "sha256:e920276dd6813095e9377c0bc5566d94c932c33b27a3e3945d8389c374dd4746", size = 20538, upload-time = "2025-05-15T12:30:06.134Z" },
]

[[package]]
name = "pygments"
version = "2.19.2"
source = { registry = "https://pypi.org/simple" }
sdist = { url = "https://files.pythonhosted.org/packages/b0/77/a5b8c569bf593b0140bde72ea885a803b82086995367bf2037de0159d924/pygments-2.19.2.tar.gz", hash = "sha256:636cb2477cec7f8952536970bc533bc43743542f70392ae026374600add5b887", size = 4968631, upload-time = "2025-06-21T13:39:12.283Z" }
wheels = [
    { url = "https://files.pythonhosted.org/packages/c7/21/705964c7812476f378728bdf590ca4b771ec72385c533964653c68e86bdc/pygments-2.19.2-py3-none-any.whl", hash = "sha256:86540386c03d588bb81d44bc3928634ff26449851e99741617ecb9037ee5ec0b", size = 1225217, upload-time = "2025-06-21T13:39:07.939Z" },
]

[[package]]
name = "pytest"
version = "8.4.2"
source = { registry = "https://pypi.org/simple" }
dependencies = [
    { name = "colorama", marker = "sys_platform == 'win32'" },
    { name = "iniconfig" },
    { name = "packaging" },
    { name = "pluggy" },
    { name = "pygments" },
]
sdist = { url = "https://files.pythonhosted.org/packages/a3/5c/00a0e072241553e1a7496d638deababa67c5058571567b92a7eaa258397c/pytest-8.4.2.tar.gz", hash = "sha256:86c0d0b93306b961d58d62a4db4879f27fe25513d4b969df351abdddb3c30e01", size = 1519618, upload-time = "2025-09-04T14:34:22.711Z" }
wheels = [
    { url = "https://files.pythonhosted.org/packages/a8/a4/20da314d277121d6534b3a980b29035dcd51e6744bd79075a6ce8fa4eb8d/pytest-8.4.2-py3-none-any.whl", hash = "sha256:872f880de3fc3a5bdc88a11b39c9710c3497a547cfa9320bc3c5e62fbf272e79", size = 365750, upload-time = "2025-09-04T14:34:20.226Z" },
]

[[package]]
name = "typing-extensions"
version = "4.15.0"
source = { registry = "https://pypi.org/simple" }
sdist = { url = "https://files.pythonhosted.org/packages/72/94/1a15dd82efb362ac84269196e94cf00f187f7ed21c242792a923cdb1c61f/typing_extensions-4.15.0.tar.gz", hash = "sha256:0cea48d173cc12fa28ecabc3b837ea3cf6f38c6d1136f85cbaaf598984861466", size = 109391, upload-time = "2025-08-25T13:49:26.313Z" }
wheels = [
    { url = "https://files.pythonhosted.org/packages/18/67/36e9267722cc04a6b9f15c7f3441c2363321a3ea07da7ae0c0707beb2a9c/typing_extensions-4.15.0-py3-none-any.whl", hash = "sha256:f0fa19c6845758ab08074a0cfa8b7aecb71c999ca73d62883bc25cc018c4e548", size = 44614, upload-time = "2025-08-25T13:49:24.86Z" },
]

[[package]]
name = "tzdata"
version = "2025.2"
source = { registry = "https://pypi.org/simple" }
sdist = { url = "https://files.pythonhosted.org/packages/95/32/1a225d6164441be760d75c2c42e2780dc0873fe382da3e98a2e1e48361e5/tzdata-2025.2.tar.gz", hash = "sha256:b60a638fcc0daffadf82fe0f57e53d06bdec2f36c4df66280ae79bce6bd6f2b9", size = 196380, upload-time = "2025-03-23T13:54:43.652Z" }
wheels = [
    { url = "https://files.pythonhosted.org/packages/5c/23/c7abc0ca0a1526a0774eca151daeb8de62ec457e77262b66b359c3c7679e/tzdata-2025.2-py2.py3-none-any.whl", hash = "sha256:1a403fada01ff9221ca8044d701868fa132215d84beb92242d9acd2147f667a8", size = 347839, upload-time = "2025-03-23T13:54:41.845Z" },
]
